
Microsoft Visual Studio Solution File, Format Version 12.00
# Visual Studio Version 17
VisualStudioVersion = 17.1.32127.271
MinimumVisualStudioVersion = 10.0.40219.1
Project("{FAE04EC0-301F-11D3-BF4B-00C04F79EFBC}") = "FitnessIS", "FitnessIS\FitnessIS.csproj", "{9818C0E3-44FF-4C1F-8FED-F28E3A0F2AE4}"
EndProject
Global
	GlobalSection(SolutionConfigurationPlatforms) = preSolution
		Debug|Any CPU = Debug|Any CPU
		Release|Any CPU = Release|Any CPU
	EndGlobalSection
	GlobalSection(ProjectConfigurationPlatforms) = postSolution
		{9818C0E3-44FF-4C1F-8FED-F28E3A0F2AE4}.Debug|Any CPU.ActiveCfg = Debug|Any CPU
		{9818C0E3-44FF-4C1F-8FED-F28E3A0F2AE4}.Debug|Any CPU.Build.0 = Debug|Any CPU
		{9818C0E3-44FF-4C1F-8FED-F28E3A0F2AE4}.Release|Any CPU.ActiveCfg = Release|Any CPU
		{9818C0E3-44FF-4C1F-8FED-F28E3A0F2AE4}.Release|Any CPU.Build.0 = Release|Any CPU
	EndGlobalSection
	GlobalSection(SolutionProperties) = preSolution
		HideSolutionNode = FALSE
	EndGlobalSection
	GlobalSection(ExtensibilityGlobals) = postSolution
		SolutionGuid = {E331A0D8-1554-4667-85B3-7F65F5424D27}
	EndGlobalSection
EndGlobal
